
Microsoft Visual Studio Solution File, Format Version 12.00
# Visual Studio 14
VisualStudioVersion = 14.0.25420.1
MinimumVisualStudioVersion = 10.0.40219.1
Project("{FAE04EC0-301F-11D3-BF4B-00C04F79EFBC}") = "SecretSanta.Web", "SecretSanta\SecretSanta.Web.csproj", "{556F5131-5D00-4E4A-AF4C-127A7E3CD0B3}"
EndProject
Project("{FAE04EC0-301F-11D3-BF4B-00C04F79EFBC}") = "SecretSanta.Models", "SecretSanta.Models\SecretSanta.Models.csproj", "{368BA491-CD16-4F6F-827A-6AC3848550AA}"
EndProject
Project("{FAE04EC0-301F-11D3-BF4B-00C04F79EFBC}") = "SecretSanta.Service", "SecretSanta.Service\SecretSanta.Service.csproj", "{D748864C-2395-4330-AC5B-F97935B92F96}"
EndProject
Project("{FAE04EC0-301F-11D3-BF4B-00C04F79EFBC}") = "SecretSanta.Data", "SecretSanta.Data\SecretSanta.Data.csproj", "{AD69AE08-B1A5-4C7B-A79B-AEF703B9B426}"
EndProject
Global
	GlobalSection(SolutionConfigurationPlatforms) = preSolution
		Debug|Any CPU = Debug|Any CPU
		Release|Any CPU = Release|Any CPU
	EndGlobalSection
	GlobalSection(ProjectConfigurationPlatforms) = postSolution
		{556F5131-5D00-4E4A-AF4C-127A7E3CD0B3}.Debug|Any CPU.ActiveCfg = Debug|Any CPU
		{556F5131-5D00-4E4A-AF4C-127A7E3CD0B3}.Debug|Any CPU.Build.0 = Debug|Any CPU
		{556F5131-5D00-4E4A-AF4C-127A7E3CD0B3}.Release|Any CPU.ActiveCfg = Release|Any CPU
		{556F5131-5D00-4E4A-AF4C-127A7E3CD0B3}.Release|Any CPU.Build.0 = Release|Any CPU
		{368BA491-CD16-4F6F-827A-6AC3848550AA}.Debug|Any CPU.ActiveCfg = Debug|Any CPU
		{368BA491-CD16-4F6F-827A-6AC3848550AA}.Debug|Any CPU.Build.0 = Debug|Any CPU
		{368BA491-CD16-4F6F-827A-6AC3848550AA}.Release|Any CPU.ActiveCfg = Release|Any CPU
		{368BA491-CD16-4F6F-827A-6AC3848550AA}.Release|Any CPU.Build.0 = Release|Any CPU
		{D748864C-2395-4330-AC5B-F97935B92F96}.Debug|Any CPU.ActiveCfg = Debug|Any CPU
		{D748864C-2395-4330-AC5B-F97935B92F96}.Debug|Any CPU.Build.0 = Debug|Any CPU
		{D748864C-2395-4330-AC5B-F97935B92F96}.Release|Any CPU.ActiveCfg = Release|Any CPU
		{D748864C-2395-4330-AC5B-F97935B92F96}.Release|Any CPU.Build.0 = Release|Any CPU
		{AD69AE08-B1A5-4C7B-A79B-AEF703B9B426}.Debug|Any CPU.ActiveCfg = Debug|Any CPU
		{AD69AE08-B1A5-4C7B-A79B-AEF703B9B426}.Debug|Any CPU.Build.0 = Debug|Any CPU
		{AD69AE08-B1A5-4C7B-A79B-AEF703B9B426}.Release|Any CPU.ActiveCfg = Release|Any CPU
		{AD69AE08-B1A5-4C7B-A79B-AEF703B9B426}.Release|Any CPU.Build.0 = Release|Any CPU
	EndGlobalSection
	GlobalSection(SolutionProperties) = preSolution
		HideSolutionNode = FALSE
	EndGlobalSection
EndGlobal
